
Microsoft Visual Studio Solution File, Format Version 12.00
Project("{FAE04EC0-301F-11D3-BF4B-00C04F79EFBC}") = "AbstractionBeplop", "AbstractionBeplop\AbstractionBeplop.csproj", "{11A62F08-94E1-4114-B334-A5F2FF65D18A}"
EndProject
Global
	GlobalSection(SolutionConfigurationPlatforms) = preSolution
		Debug|Any CPU = Debug|Any CPU
		Release|Any CPU = Release|Any CPU
	EndGlobalSection
	GlobalSection(ProjectConfigurationPlatforms) = postSolution
		{11A62F08-94E1-4114-B334-A5F2FF65D18A}.Debug|Any CPU.ActiveCfg = Debug|Any CPU
		{11A62F08-94E1-4114-B334-A5F2FF65D18A}.Debug|Any CPU.Build.0 = Debug|Any CPU
		{11A62F08-94E1-4114-B334-A5F2FF65D18A}.Release|Any CPU.ActiveCfg = Release|Any CPU
		{11A62F08-94E1-4114-B334-A5F2FF65D18A}.Release|Any CPU.Build.0 = Release|Any CPU
	EndGlobalSection
EndGlobal
