
Microsoft Visual Studio Solution File, Format Version 12.00
Project("{FAE04EC0-301F-11D3-BF4B-00C04F79EFBC}") = "SingletonPattern1", "SingletonPattern1\SingletonPattern1.csproj", "{168028BA-8944-491A-8C77-EFB8189E89E8}"
EndProject
Global
	GlobalSection(SolutionConfigurationPlatforms) = preSolution
		Debug|Any CPU = Debug|Any CPU
		Release|Any CPU = Release|Any CPU
	EndGlobalSection
	GlobalSection(ProjectConfigurationPlatforms) = postSolution
		{168028BA-8944-491A-8C77-EFB8189E89E8}.Debug|Any CPU.ActiveCfg = Debug|Any CPU
		{168028BA-8944-491A-8C77-EFB8189E89E8}.Debug|Any CPU.Build.0 = Debug|Any CPU
		{168028BA-8944-491A-8C77-EFB8189E89E8}.Release|Any CPU.ActiveCfg = Release|Any CPU
		{168028BA-8944-491A-8C77-EFB8189E89E8}.Release|Any CPU.Build.0 = Release|Any CPU
	EndGlobalSection
EndGlobal
